
Microsoft Visual Studio Solution File, Format Version 12.00
# Visual Studio Version 17
VisualStudioVersion = 17.0.31912.275
MinimumVisualStudioVersion = 10.0.40219.1
Project("{FAE04EC0-301F-11D3-BF4B-00C04F79EFBC}") = "BlokNotes.UWP", "BlokNotes\BlokNotes.UWP\BlokNotes.UWP.csproj", "{F0E9A9CC-D5A4-4BEC-A2D6-C3344BC7A8E0}"
EndProject
Project("{FAE04EC0-301F-11D3-BF4B-00C04F79EFBC}") = "BlokNotes.Android", "BlokNotes\BlokNotes.Android\BlokNotes.Android.csproj", "{FEF7E673-8B74-422E-B471-29572721C5AA}"
EndProject
Project("{FAE04EC0-301F-11D3-BF4B-00C04F79EFBC}") = "BlokNotes.iOS", "BlokNotes\BlokNotes.iOS\BlokNotes.iOS.csproj", "{EF9EABE9-38AA-4FA9-9A47-822B0E0BDAB6}"
EndProject
Project("{FAE04EC0-301F-11D3-BF4B-00C04F79EFBC}") = "BlokNotes", "BlokNotes\BlokNotes\BlokNotes.csproj", "{D738EA3C-BA13-42DA-B547-32B16F530178}"
EndProject
Global
	GlobalSection(SolutionConfigurationPlatforms) = preSolution
		Debug|Any CPU = Debug|Any CPU
		Debug|ARM = Debug|ARM
		Debug|iPhone = Debug|iPhone
		Debug|iPhoneSimulator = Debug|iPhoneSimulator
		Debug|x64 = Debug|x64
		Debug|x86 = Debug|x86
		Release|Any CPU = Release|Any CPU
		Release|ARM = Release|ARM
		Release|iPhone = Release|iPhone
		Release|iPhoneSimulator = Release|iPhoneSimulator
		Release|x64 = Release|x64
		Release|x86 = Release|x86
	EndGlobalSection
	GlobalSection(ProjectConfigurationPlatforms) = postSolution
		{F0E9A9CC-D5A4-4BEC-A2D6-C3344BC7A8E0}.Debug|Any CPU.ActiveCfg = Debug|x64
		{F0E9A9CC-D5A4-4BEC-A2D6-C3344BC7A8E0}.Debug|Any CPU.Build.0 = Debug|x64
		{F0E9A9CC-D5A4-4BEC-A2D6-C3344BC7A8E0}.Debug|Any CPU.Deploy.0 = Debug|x64
		{F0E9A9CC-D5A4-4BEC-A2D6-C3344BC7A8E0}.Debug|ARM.ActiveCfg = Debug|ARM
		{F0E9A9CC-D5A4-4BEC-A2D6-C3344BC7A8E0}.Debug|ARM.Build.0 = Debug|ARM
		{F0E9A9CC-D5A4-4BEC-A2D6-C3344BC7A8E0}.Debug|ARM.Deploy.0 = Debug|ARM
		{F0E9A9CC-D5A4-4BEC-A2D6-C3344BC7A8E0}.Debug|iPhone.ActiveCfg = Debug|x64
		{F0E9A9CC-D5A4-4BEC-A2D6-C3344BC7A8E0}.Debug|iPhone.Build.0 = Debug|x64
		{F0E9A9CC-D5A4-4BEC-A2D6-C3344BC7A8E0}.Debug|iPhone.Deploy.0 = Debug|x64
		{F0E9A9CC-D5A4-4BEC-A2D6-C3344BC7A8E0}.Debug|iPhoneSimulator.ActiveCfg = Debug|x64
		{F0E9A9CC-D5A4-4BEC-A2D6-C3344BC7A8E0}.Debug|iPhoneSimulator.Build.0 = Debug|x64
		{F0E9A9CC-D5A4-4BEC-A2D6-C3344BC7A8E0}.Debug|iPhoneSimulator.Deploy.0 = Debug|x64
		{F0E9A9CC-D5A4-4BEC-A2D6-C3344BC7A8E0}.Debug|x64.ActiveCfg = Debug|x64
		{F0E9A9CC-D5A4-4BEC-A2D6-C3344BC7A8E0}.Debug|x64.Build.0 = Debug|x64
		{F0E9A9CC-D5A4-4BEC-A2D6-C3344BC7A8E0}.Debug|x64.Deploy.0 = Debug|x64
		{F0E9A9CC-D5A4-4BEC-A2D6-C3344BC7A8E0}.Debug|x86.ActiveCfg = Debug|x86
		{F0E9A9CC-D5A4-4BEC-A2D6-C3344BC7A8E0}.Debug|x86.Build.0 = Debug|x86
		{F0E9A9CC-D5A4-4BEC-A2D6-C3344BC7A8E0}.Debug|x86.Deploy.0 = Debug|x86
		{F0E9A9CC-D5A4-4BEC-A2D6-C3344BC7A8E0}.Release|Any CPU.ActiveCfg = Release|x64
		{F0E9A9CC-D5A4-4BEC-A2D6-C3344BC7A8E0}.Release|Any CPU.Build.0 = Release|x64
		{F0E9A9CC-D5A4-4BEC-A2D6-C3344BC7A8E0}.Release|Any CPU.Deploy.0 = Release|x64
		{F0E9A9CC-D5A4-4BEC-A2D6-C3344BC7A8E0}.Release|ARM.ActiveCfg = Release|ARM
		{F0E9A9CC-D5A4-4BEC-A2D6-C3344BC7A8E0}.Release|ARM.Build.0 = Release|ARM
		{F0E9A9CC-D5A4-4BEC-A2D6-C3344BC7A8E0}.Release|ARM.Deploy.0 = Release|ARM
		{F0E9A9CC-D5A4-4BEC-A2D6-C3344BC7A8E0}.Release|iPhone.ActiveCfg = Release|x64
		{F0E9A9CC-D5A4-4BEC-A2D6-C3344BC7A8E0}.Release|iPhone.Build.0 = Release|x64
		{F0E9A9CC-D5A4-4BEC-A2D6-C3344BC7A8E0}.Release|iPhone.Deploy.0 = Release|x64
		{F0E9A9CC-D5A4-4BEC-A2D6-C3344BC7A8E0}.Release|iPhoneSimulator.ActiveCfg = Release|x64
		{F0E9A9CC-D5A4-4BEC-A2D6-C3344BC7A8E0}.Release|iPhoneSimulator.Build.0 = Release|x64
		{F0E9A9CC-D5A4-4BEC-A2D6-C3344BC7A8E0}.Release|iPhoneSimulator.Deploy.0 = Release|x64
		{F0E9A9CC-D5A4-4BEC-A2D6-C3344BC7A8E0}.Release|x64.ActiveCfg = Release|x64
		{F0E9A9CC-D5A4-4BEC-A2D6-C3344BC7A8E0}.Release|x64.Build.0 = Release|x64
		{F0E9A9CC-D5A4-4BEC-A2D6-C3344BC7A8E0}.Release|x64.Deploy.0 = Release|x64
		{F0E9A9CC-D5A4-4BEC-A2D6-C3344BC7A8E0}.Release|x86.ActiveCfg = Release|x86
		{F0E9A9CC-D5A4-4BEC-A2D6-C3344BC7A8E0}.Release|x86.Build.0 = Release|x86
		{F0E9A9CC-D5A4-4BEC-A2D6-C3344BC7A8E0}.Release|x86.Deploy.0 = Release|x86
		{FEF7E673-8B74-422E-B471-29572721C5AA}.Debug|Any CPU.ActiveCfg = Debug|Any CPU
		{FEF7E673-8B74-422E-B471-29572721C5AA}.Debug|Any CPU.Build.0 = Debug|Any CPU
		{FEF7E673-8B74-422E-B471-29572721C5AA}.Debug|Any CPU.Deploy.0 = Debug|Any CPU
		{FEF7E673-8B74-422E-B471-29572721C5AA}.Debug|ARM.ActiveCfg = Debug|Any CPU
		{FEF7E673-8B74-422E-B471-29572721C5AA}.Debug|ARM.Build.0 = Debug|Any CPU
		{FEF7E673-8B74-422E-B471-29572721C5AA}.Debug|ARM.Deploy.0 = Debug|Any CPU
		{FEF7E673-8B74-422E-B471-29572721C5AA}.Debug|iPhone.ActiveCfg = Debug|Any CPU
		{FEF7E673-8B74-422E-B471-29572721C5AA}.Debug|iPhone.Build.0 = Debug|Any CPU
		{FEF7E673-8B74-422E-B471-29572721C5AA}.Debug|iPhone.Deploy.0 = Debug|Any CPU
		{FEF7E673-8B74-422E-B471-29572721C5AA}.Debug|iPhoneSimulator.ActiveCfg = Debug|Any CPU
		{FEF7E673-8B74-422E-B471-29572721C5AA}.Debug|iPhoneSimulator.Build.0 = Debug|Any CPU
		{FEF7E673-8B74-422E-B471-29572721C5AA}.Debug|iPhoneSimulator.Deploy.0 = Debug|Any CPU
		{FEF7E673-8B74-422E-B471-29572721C5AA}.Debug|x64.ActiveCfg = Debug|Any CPU
		{FEF7E673-8B74-422E-B471-29572721C5AA}.Debug|x64.Build.0 = Debug|Any CPU
		{FEF7E673-8B74-422E-B471-29572721C5AA}.Debug|x64.Deploy.0 = Debug|Any CPU
		{FEF7E673-8B74-422E-B471-29572721C5AA}.Debug|x86.ActiveCfg = Debug|Any CPU
		{FEF7E673-8B74-422E-B471-29572721C5AA}.Debug|x86.Build.0 = Debug|Any CPU
		{FEF7E673-8B74-422E-B471-29572721C5AA}.Debug|x86.Deploy.0 = Debug|Any CPU
		{FEF7E673-8B74-422E-B471-29572721C5AA}.Release|Any CPU.ActiveCfg = Release|Any CPU
		{FEF7E673-8B74-422E-B471-29572721C5AA}.Release|Any CPU.Build.0 = Release|Any CPU
		{FEF7E673-8B74-422E-B471-29572721C5AA}.Release|Any CPU.Deploy.0 = Release|Any CPU
		{FEF7E673-8B74-422E-B471-29572721C5AA}.Release|ARM.ActiveCfg = Release|Any CPU
		{FEF7E673-8B74-422E-B471-29572721C5AA}.Release|ARM.Build.0 = Release|Any CPU
		{FEF7E673-8B74-422E-B471-29572721C5AA}.Release|ARM.Deploy.0 = Release|Any CPU
		{FEF7E673-8B74-422E-B471-29572721C5AA}.Release|iPhone.ActiveCfg = Release|Any CPU
		{FEF7E673-8B74-422E-B471-29572721C5AA}.Release|iPhone.Build.0 = Release|Any CPU
		{FEF7E673-8B74-422E-B471-29572721C5AA}.Release|iPhone.Deploy.0 = Release|Any CPU
		{FEF7E673-8B74-422E-B471-29572721C5AA}.Release|iPhoneSimulator.ActiveCfg = Release|Any CPU
		{FEF7E673-8B74-422E-B471-29572721C5AA}.Release|iPhoneSimulator.Build.0 = Release|Any CPU
		{FEF7E673-8B74-422E-B471-29572721C5AA}.Release|iPhoneSimulator.Deploy.0 = Release|Any CPU
		{FEF7E673-8B74-422E-B471-29572721C5AA}.Release|x64.ActiveCfg = Release|Any CPU
		{FEF7E673-8B74-422E-B471-29572721C5AA}.Release|x64.Build.0 = Release|Any CPU
		{FEF7E673-8B74-422E-B471-29572721C5AA}.Release|x64.Deploy.0 = Release|Any CPU
		{FEF7E673-8B74-422E-B471-29572721C5AA}.Release|x86.ActiveCfg = Release|Any CPU
		{FEF7E673-8B74-422E-B471-29572721C5AA}.Release|x86.Build.0 = Release|Any CPU
		{FEF7E673-8B74-422E-B471-29572721C5AA}.Release|x86.Deploy.0 = Release|Any CPU
		{EF9EABE9-38AA-4FA9-9A47-822B0E0BDAB6}.Debug|Any CPU.ActiveCfg = Debug|iPhoneSimulator
		{EF9EABE9-38AA-4FA9-9A47-822B0E0BDAB6}.Debug|Any CPU.Build.0 = Debug|iPhoneSimulator
		{EF9EABE9-38AA-4FA9-9A47-822B0E0BDAB6}.Debug|Any CPU.Deploy.0 = Debug|iPhoneSimulator
		{EF9EABE9-38AA-4FA9-9A47-822B0E0BDAB6}.Debug|ARM.ActiveCfg = Debug|iPhoneSimulator
		{EF9EABE9-38AA-4FA9-9A47-822B0E0BDAB6}.Debug|ARM.Build.0 = Debug|iPhoneSimulator
		{EF9EABE9-38AA-4FA9-9A47-822B0E0BDAB6}.Debug|ARM.Deploy.0 = Debug|iPhoneSimulator
		{EF9EABE9-38AA-4FA9-9A47-822B0E0BDAB6}.Debug|iPhone.ActiveCfg = Debug|iPhone
		{EF9EABE9-38AA-4FA9-9A47-822B0E0BDAB6}.Debug|iPhone.Build.0 = Debug|iPhone
		{EF9EABE9-38AA-4FA9-9A47-822B0E0BDAB6}.Debug|iPhone.Deploy.0 = Debug|iPhone
		{EF9EABE9-38AA-4FA9-9A47-822B0E0BDAB6}.Debug|iPhoneSimulator.ActiveCfg = Debug|iPhoneSimulator
		{EF9EABE9-38AA-4FA9-9A47-822B0E0BDAB6}.Debug|iPhoneSimulator.Build.0 = Debug|iPhoneSimulator
		{EF9EABE9-38AA-4FA9-9A47-822B0E0BDAB6}.Debug|iPhoneSimulator.Deploy.0 = Debug|iPhoneSimulator
		{EF9EABE9-38AA-4FA9-9A47-822B0E0BDAB6}.Debug|x64.ActiveCfg = Debug|iPhone
		{EF9EABE9-38AA-4FA9-9A47-822B0E0BDAB6}.Debug|x64.Build.0 = Debug|iPhone
		{EF9EABE9-38AA-4FA9-9A47-822B0E0BDAB6}.Debug|x64.Deploy.0 = Debug|iPhone
		{EF9EABE9-38AA-4FA9-9A47-822B0E0BDAB6}.Debug|x86.ActiveCfg = Debug|iPhoneSimulator
		{EF9EABE9-38AA-4FA9-9A47-822B0E0BDAB6}.Debug|x86.Build.0 = Debug|iPhoneSimulator
		{EF9EABE9-38AA-4FA9-9A47-822B0E0BDAB6}.Debug|x86.Deploy.0 = Debug|iPhoneSimulator
		{EF9EABE9-38AA-4FA9-9A47-822B0E0BDAB6}.Release|Any CPU.ActiveCfg = Release|iPhoneSimulator
		{EF9EABE9-38AA-4FA9-9A47-822B0E0BDAB6}.Release|Any CPU.Build.0 = Release|iPhoneSimulator
		{EF9EABE9-38AA-4FA9-9A47-822B0E0BDAB6}.Release|Any CPU.Deploy.0 = Release|iPhoneSimulator
		{EF9EABE9-38AA-4FA9-9A47-822B0E0BDAB6}.Release|ARM.ActiveCfg = Release|iPhoneSimulator
		{EF9EABE9-38AA-4FA9-9A47-822B0E0BDAB6}.Release|ARM.Build.0 = Release|iPhoneSimulator
		{EF9EABE9-38AA-4FA9-9A47-822B0E0BDAB6}.Release|ARM.Deploy.0 = Release|iPhoneSimulator
		{EF9EABE9-38AA-4FA9-9A47-822B0E0BDAB6}.Release|iPhone.ActiveCfg = Release|iPhone
		{EF9EABE9-38AA-4FA9-9A47-822B0E0BDAB6}.Release|iPhone.Build.0 = Release|iPhone
		{EF9EABE9-38AA-4FA9-9A47-822B0E0BDAB6}.Release|iPhone.Deploy.0 = Release|iPhone
		{EF9EABE9-38AA-4FA9-9A47-822B0E0BDAB6}.Release|iPhoneSimulator.ActiveCfg = Release|iPhoneSimulator
		{EF9EABE9-38AA-4FA9-9A47-822B0E0BDAB6}.Release|iPhoneSimulator.Build.0 = Release|iPhoneSimulator
		{EF9EABE9-38AA-4FA9-9A47-822B0E0BDAB6}.Release|iPhoneSimulator.Deploy.0 = Release|iPhoneSimulator
		{EF9EABE9-38AA-4FA9-9A47-822B0E0BDAB6}.Release|x64.ActiveCfg = Release|iPhoneSimulator
		{EF9EABE9-38AA-4FA9-9A47-822B0E0BDAB6}.Release|x64.Build.0 = Release|iPhoneSimulator
		{EF9EABE9-38AA-4FA9-9A47-822B0E0BDAB6}.Release|x64.Deploy.0 = Release|iPhoneSimulator
		{EF9EABE9-38AA-4FA9-9A47-822B0E0BDAB6}.Release|x86.ActiveCfg = Release|iPhoneSimulator
		{EF9EABE9-38AA-4FA9-9A47-822B0E0BDAB6}.Release|x86.Build.0 = Release|iPhoneSimulator
		{EF9EABE9-38AA-4FA9-9A47-822B0E0BDAB6}.Release|x86.Deploy.0 = Release|iPhoneSimulator
		{D738EA3C-BA13-42DA-B547-32B16F530178}.Debug|Any CPU.ActiveCfg = Debug|Any CPU
		{D738EA3C-BA13-42DA-B547-32B16F530178}.Debug|Any CPU.Build.0 = Debug|Any CPU
		{D738EA3C-BA13-42DA-B547-32B16F530178}.Debug|Any CPU.Deploy.0 = Debug|Any CPU
		{D738EA3C-BA13-42DA-B547-32B16F530178}.Debug|ARM.ActiveCfg = Debug|Any CPU
		{D738EA3C-BA13-42DA-B547-32B16F530178}.Debug|ARM.Build.0 = Debug|Any CPU
		{D738EA3C-BA13-42DA-B547-32B16F530178}.Debug|ARM.Deploy.0 = Debug|Any CPU
		{D738EA3C-BA13-42DA-B547-32B16F530178}.Debug|iPhone.ActiveCfg = Debug|Any CPU
		{D738EA3C-BA13-42DA-B547-32B16F530178}.Debug|iPhone.Build.0 = Debug|Any CPU
		{D738EA3C-BA13-42DA-B547-32B16F530178}.Debug|iPhone.Deploy.0 = Debug|Any CPU
		{D738EA3C-BA13-42DA-B547-32B16F530178}.Debug|iPhoneSimulator.ActiveCfg = Debug|Any CPU
		{D738EA3C-BA13-42DA-B547-32B16F530178}.Debug|iPhoneSimulator.Build.0 = Debug|Any CPU
		{D738EA3C-BA13-42DA-B547-32B16F530178}.Debug|iPhoneSimulator.Deploy.0 = Debug|Any CPU
		{D738EA3C-BA13-42DA-B547-32B16F530178}.Debug|x64.ActiveCfg = Debug|Any CPU
		{D738EA3C-BA13-42DA-B547-32B16F530178}.Debug|x64.Build.0 = Debug|Any CPU
		{D738EA3C-BA13-42DA-B547-32B16F530178}.Debug|x64.Deploy.0 = Debug|Any CPU
		{D738EA3C-BA13-42DA-B547-32B16F530178}.Debug|x86.ActiveCfg = Debug|Any CPU
		{D738EA3C-BA13-42DA-B547-32B16F530178}.Debug|x86.Build.0 = Debug|Any CPU
		{D738EA3C-BA13-42DA-B547-32B16F530178}.Debug|x86.Deploy.0 = Debug|Any CPU
		{D738EA3C-BA13-42DA-B547-32B16F530178}.Release|Any CPU.ActiveCfg = Release|Any CPU
		{D738EA3C-BA13-42DA-B547-32B16F530178}.Release|Any CPU.Build.0 = Release|Any CPU
		{D738EA3C-BA13-42DA-B547-32B16F530178}.Release|Any CPU.Deploy.0 = Release|Any CPU
		{D738EA3C-BA13-42DA-B547-32B16F530178}.Release|ARM.ActiveCfg = Release|Any CPU
		{D738EA3C-BA13-42DA-B547-32B16F530178}.Release|ARM.Build.0 = Release|Any CPU
		{D738EA3C-BA13-42DA-B547-32B16F530178}.Release|ARM.Deploy.0 = Release|Any CPU
		{D738EA3C-BA13-42DA-B547-32B16F530178}.Release|iPhone.ActiveCfg = Release|Any CPU
		{D738EA3C-BA13-42DA-B547-32B16F530178}.Release|iPhone.Build.0 = Release|Any CPU
		{D738EA3C-BA13-42DA-B547-32B16F530178}.Release|iPhone.Deploy.0 = Release|Any CPU
		{D738EA3C-BA13-42DA-B547-32B16F530178}.Release|iPhoneSimulator.ActiveCfg = Release|Any CPU
		{D738EA3C-BA13-42DA-B547-32B16F530178}.Release|iPhoneSimulator.Build.0 = Release|Any CPU
		{D738EA3C-BA13-42DA-B547-32B16F530178}.Release|iPhoneSimulator.Deploy.0 = Release|Any CPU
		{D738EA3C-BA13-42DA-B547-32B16F530178}.Release|x64.ActiveCfg = Release|Any CPU
		{D738EA3C-BA13-42DA-B547-32B16F530178}.Release|x64.Build.0 = Release|Any CPU
		{D738EA3C-BA13-42DA-B547-32B16F530178}.Release|x64.Deploy.0 = Release|Any CPU
		{D738EA3C-BA13-42DA-B547-32B16F530178}.Release|x86.ActiveCfg = Release|Any CPU
		{D738EA3C-BA13-42DA-B547-32B16F530178}.Release|x86.Build.0 = Release|Any CPU
		{D738EA3C-BA13-42DA-B547-32B16F530178}.Release|x86.Deploy.0 = Release|Any CPU
	EndGlobalSection
	GlobalSection(SolutionProperties) = preSolution
		HideSolutionNode = FALSE
	EndGlobalSection
	GlobalSection(ExtensibilityGlobals) = postSolution
		SolutionGuid = {9446F4D4-0CD3-43AE-90A0-8BA91B26D59B}
	EndGlobalSection
EndGlobal
